// !$*UTF8*$!
{
	archiveVersion = 1;
	classes = {
	};
	objectVersion = 55;
	objects = {

/* Begin PBXBuildFile section */
		0C0347BD672CCC1802B43660 /* Pods_Albalad.framework in Frameworks */ = {isa = PBXBuildFile; fileRef = F4A83333F1332E27C33D79BF /* Pods_Albalad.framework */; };
		8823A0082780B978003F7B0E /* AppDelegate.swift in Sources */ = {isa = PBXBuildFile; fileRef = 8823A0072780B978003F7B0E /* AppDelegate.swift */; };
		8823A00A2780B978003F7B0E /* SceneDelegate.swift in Sources */ = {isa = PBXBuildFile; fileRef = 8823A0092780B978003F7B0E /* SceneDelegate.swift */; };
		8823A00C2780B978003F7B0E /* ViewController.swift in Sources */ = {isa = PBXBuildFile; fileRef = 8823A00B2780B978003F7B0E /* ViewController.swift */; };
		8823A00F2780B978003F7B0E /* Main.storyboard in Resources */ = {isa = PBXBuildFile; fileRef = 8823A00D2780B978003F7B0E /* Main.storyboard */; };
		8823A0112780B981003F7B0E /* Assets.xcassets in Resources */ = {isa = PBXBuildFile; fileRef = 8823A0102780B981003F7B0E /* Assets.xcassets */; };
		8823A0142780B981003F7B0E /* LaunchScreen.storyboard in Resources */ = {isa = PBXBuildFile; fileRef = 8823A0122780B981003F7B0E /* LaunchScreen.storyboard */; };
		8823A0382780BA0E003F7B0E /* LoginVC.swift in Sources */ = {isa = PBXBuildFile; fileRef = 8823A0372780BA0E003F7B0E /* LoginVC.swift */; };
		8823A03A2780BA68003F7B0E /* SignUpVC.swift in Sources */ = {isa = PBXBuildFile; fileRef = 8823A0392780BA68003F7B0E /* SignUpVC.swift */; };
		8826B0F127822FD9000E450D /* ExplorCVCell.swift in Sources */ = {isa = PBXBuildFile; fileRef = 8826B0F027822FD9000E450D /* ExplorCVCell.swift */; };
		8826B0F327825C29000E450D /* ExplorAlbaladVC.swift in Sources */ = {isa = PBXBuildFile; fileRef = 8826B0F227825C29000E450D /* ExplorAlbaladVC.swift */; };
		8826B0F52782BBDE000E450D /* InvestmentsAlbaladVC.swift in Sources */ = {isa = PBXBuildFile; fileRef = 8826B0F42782BBDE000E450D /* InvestmentsAlbaladVC.swift */; };
		8826B0F72782CF4B000E450D /* ExplorAlbaladCell.swift in Sources */ = {isa = PBXBuildFile; fileRef = 8826B0F62782CF4B000E450D /* ExplorAlbaladCell.swift */; };
		8826B0F92782D04F000E450D /* InvestAlbaladCell.swift in Sources */ = {isa = PBXBuildFile; fileRef = 8826B0F82782D04F000E450D /* InvestAlbaladCell.swift */; };
		8826B0FB2782D64F000E450D /* InvestClass.swift in Sources */ = {isa = PBXBuildFile; fileRef = 8826B0FA2782D64F000E450D /* InvestClass.swift */; };
		8826B0FD2782EBC8000E450D /* EventAlbaladVC.swift in Sources */ = {isa = PBXBuildFile; fileRef = 8826B0FC2782EBC8000E450D /* EventAlbaladVC.swift */; };
		8826B0FF2782F020000E450D /* EventAlbaladCell.swift in Sources */ = {isa = PBXBuildFile; fileRef = 8826B0FE2782F020000E450D /* EventAlbaladCell.swift */; };
		8826B1052783955D000E450D /* HotelsVC.swift in Sources */ = {isa = PBXBuildFile; fileRef = 8826B1042783955D000E450D /* HotelsVC.swift */; };
		8826B10827839770000E450D /* HotelAlbaladCell.swift in Sources */ = {isa = PBXBuildFile; fileRef = 8826B10727839770000E450D /* HotelAlbaladCell.swift */; };
		8826B10A27839944000E450D /* MuseumsVC.swift in Sources */ = {isa = PBXBuildFile; fileRef = 8826B10927839944000E450D /* MuseumsVC.swift */; };
		8826B10C278399E2000E450D /* MuseumAlbaladCell.swift in Sources */ = {isa = PBXBuildFile; fileRef = 8826B10B278399E2000E450D /* MuseumAlbaladCell.swift */; };
		8826B10E27842093000E450D /* AlbaladMap.swift in Sources */ = {isa = PBXBuildFile; fileRef = 8826B10D27842093000E450D /* AlbaladMap.swift */; };
		88DC0346278191F200D158AD /* GoogleService-Info.plist in Resources */ = {isa = PBXBuildFile; fileRef = 88DC0345278191F200D158AD /* GoogleService-Info.plist */; };
		88DC03482781BF0000D158AD /* MainPageVC.swift in Sources */ = {isa = PBXBuildFile; fileRef = 88DC03472781BEFF00D158AD /* MainPageVC.swift */; };
/* End PBXBuildFile section */

/* Begin PBXContainerItemProxy section */
		8823A01B2780B982003F7B0E /* PBXContainerItemProxy */ = {
			isa = PBXContainerItemProxy;
			containerPortal = 88239FFC2780B978003F7B0E /* Project object */;
			proxyType = 1;
			remoteGlobalIDString = 8823A0032780B978003F7B0E;
			remoteInfo = Albalad;
		};
		8823A0252780B982003F7B0E /* PBXContainerItemProxy */ = {
			isa = PBXContainerItemProxy;
			containerPortal = 88239FFC2780B978003F7B0E /* Project object */;
			proxyType = 1;
			remoteGlobalIDString = 8823A0032780B978003F7B0E;
			remoteInfo = Albalad;
		};
/* End PBXContainerItemProxy section */

/* Begin PBXFileReference section */
		8823A0042780B978003F7B0E /* Albalad.app */ = {isa = PBXFileReference; explicitFileType = wrapper.application; includeInIndex = 0; path = Albalad.app; sourceTree = BUILT_PRODUCTS_DIR; };
		8823A0072780B978003F7B0E /* AppDelegate.swift */ = {isa = PBXFileReference; lastKnownFileType = sourcecode.swift; path = AppDelegate.swift; sourceTree = "<group>"; };
		8823A0092780B978003F7B0E /* SceneDelegate.swift */ = {isa = PBXFileReference; lastKnownFileType = sourcecode.swift; path = SceneDelegate.swift; sourceTree = "<group>"; };
		8823A00B2780B978003F7B0E /* ViewController.swift */ = {isa = PBXFileReference; lastKnownFileType = sourcecode.swift; path = ViewController.swift; sourceTree = "<group>"; };
		8823A00E2780B978003F7B0E /* Base */ = {isa = PBXFileReference; lastKnownFileType = file.storyboard; name = Base; path = Base.lproj/Main.storyboard; sourceTree = "<group>"; };
		8823A0102780B981003F7B0E /* Assets.xcassets */ = {isa = PBXFileReference; lastKnownFileType = folder.assetcatalog; path = Assets.xcassets; sourceTree = "<group>"; };
		8823A0132780B981003F7B0E /* Base */ = {isa = PBXFileReference; lastKnownFileType = file.storyboard; name = Base; path = Base.lproj/LaunchScreen.storyboard; sourceTree = "<group>"; };
		8823A0152780B981003F7B0E /* Info.plist */ = {isa = PBXFileReference; lastKnownFileType = text.plist.xml; path = Info.plist; sourceTree = "<group>"; };
		8823A01A2780B982003F7B0E /* AlbaladTests.xctest */ = {isa = PBXFileReference; explicitFileType = wrapper.cfbundle; includeInIndex = 0; path = AlbaladTests.xctest; sourceTree = BUILT_PRODUCTS_DIR; };
		8823A0242780B982003F7B0E /* AlbaladUITests.xctest */ = {isa = PBXFileReference; explicitFileType = wrapper.cfbundle; includeInIndex = 0; path = AlbaladUITests.xctest; sourceTree = BUILT_PRODUCTS_DIR; };
		8823A0372780BA0E003F7B0E /* LoginVC.swift */ = {isa = PBXFileReference; lastKnownFileType = sourcecode.swift; path = LoginVC.swift; sourceTree = "<group>"; };
		8823A0392780BA68003F7B0E /* SignUpVC.swift */ = {isa = PBXFileReference; lastKnownFileType = sourcecode.swift; path = SignUpVC.swift; sourceTree = "<group>"; };
		8826B0F027822FD9000E450D /* ExplorCVCell.swift */ = {isa = PBXFileReference; lastKnownFileType = sourcecode.swift; path = ExplorCVCell.swift; sourceTree = "<group>"; };
		8826B0F227825C29000E450D /* ExplorAlbaladVC.swift */ = {isa = PBXFileReference; lastKnownFileType = sourcecode.swift; path = ExplorAlbaladVC.swift; sourceTree = "<group>"; };
		8826B0F42782BBDE000E450D /* InvestmentsAlbaladVC.swift */ = {isa = PBXFileReference; lastKnownFileType = sourcecode.swift; path = InvestmentsAlbaladVC.swift; sourceTree = "<group>"; };
		8826B0F62782CF4B000E450D /* ExplorAlbaladCell.swift */ = {isa = PBXFileReference; lastKnownFileType = sourcecode.swift; path = ExplorAlbaladCell.swift; sourceTree = "<group>"; };
		8826B0F82782D04F000E450D /* InvestAlbaladCell.swift */ = {isa = PBXFileReference; lastKnownFileType = sourcecode.swift; path = InvestAlbaladCell.swift; sourceTree = "<group>"; };
		8826B0FA2782D64F000E450D /* InvestClass.swift */ = {isa = PBXFileReference; lastKnownFileType = sourcecode.swift; path = InvestClass.swift; sourceTree = "<group>"; };
		8826B0FC2782EBC8000E450D /* EventAlbaladVC.swift */ = {isa = PBXFileReference; lastKnownFileType = sourcecode.swift; path = EventAlbaladVC.swift; sourceTree = "<group>"; };
		8826B0FE2782F020000E450D /* EventAlbaladCell.swift */ = {isa = PBXFileReference; lastKnownFileType = sourcecode.swift; path = EventAlbaladCell.swift; sourceTree = "<group>"; };
		8826B1042783955D000E450D /* HotelsVC.swift */ = {isa = PBXFileReference; lastKnownFileType = sourcecode.swift; path = HotelsVC.swift; sourceTree = "<group>"; };
		8826B10727839770000E450D /* HotelAlbaladCell.swift */ = {isa = PBXFileReference; lastKnownFileType = sourcecode.swift; path = HotelAlbaladCell.swift; sourceTree = "<group>"; };
		8826B10927839944000E450D /* MuseumsVC.swift */ = {isa = PBXFileReference; lastKnownFileType = sourcecode.swift; path = MuseumsVC.swift; sourceTree = "<group>"; };
		8826B10B278399E2000E450D /* MuseumAlbaladCell.swift */ = {isa = PBXFileReference; lastKnownFileType = sourcecode.swift; path = MuseumAlbaladCell.swift; sourceTree = "<group>"; };
		8826B10D27842093000E450D /* AlbaladMap.swift */ = {isa = PBXFileReference; lastKnownFileType = sourcecode.swift; path = AlbaladMap.swift; sourceTree = "<group>"; };
		88DC0345278191F200D158AD /* GoogleService-Info.plist */ = {isa = PBXFileReference; fileEncoding = 4; lastKnownFileType = text.plist.xml; path = "GoogleService-Info.plist"; sourceTree = "<group>"; };
		88DC03472781BEFF00D158AD /* MainPageVC.swift */ = {isa = PBXFileReference; lastKnownFileType = sourcecode.swift; path = MainPageVC.swift; sourceTree = "<group>"; };
		9AA33C930D1AE97B98026835 /* Pods-Albalad.debug.xcconfig */ = {isa = PBXFileReference; includeInIndex = 1; lastKnownFileType = text.xcconfig; name = "Pods-Albalad.debug.xcconfig"; path = "Target Support Files/Pods-Albalad/Pods-Albalad.debug.xcconfig"; sourceTree = "<group>"; };
		F4A83333F1332E27C33D79BF /* Pods_Albalad.framework */ = {isa = PBXFileReference; explicitFileType = wrapper.framework; includeInIndex = 0; path = Pods_Albalad.framework; sourceTree = BUILT_PRODUCTS_DIR; };
		F8837C598732FD5653B3D6D9 /* Pods-Albalad.release.xcconfig */ = {isa = PBXFileReference; includeInIndex = 1; lastKnownFileType = text.xcconfig; name = "Pods-Albalad.release.xcconfig"; path = "Target Support Files/Pods-Albalad/Pods-Albalad.release.xcconfig"; sourceTree = "<group>"; };
/* End PBXFileReference section */

/* Begin PBXFrameworksBuildPhase section */
		8823A0012780B978003F7B0E /* Frameworks */ = {
			isa = PBXFrameworksBuildPhase;
			buildActionMask = 2147483647;
			files = (
				0C0347BD672CCC1802B43660 /* Pods_Albalad.framework in Frameworks */,
			);
			runOnlyForDeploymentPostprocessing = 0;
		};
		8823A0172780B982003F7B0E /* Frameworks */ = {
			isa = PBXFrameworksBuildPhase;
			buildActionMask = 2147483647;
			files = (
			);
			runOnlyForDeploymentPostprocessing = 0;
		};
		8823A0212780B982003F7B0E /* Frameworks */ = {
			isa = PBXFrameworksBuildPhase;
			buildActionMask = 2147483647;
			files = (
			);
			runOnlyForDeploymentPostprocessing = 0;
		};
/* End PBXFrameworksBuildPhase section */

/* Begin PBXGroup section */
		4AD908A7E69134B67D14EDE9 /* Frameworks */ = {
			isa = PBXGroup;
			children = (
				F4A83333F1332E27C33D79BF /* Pods_Albalad.framework */,
			);
			name = Frameworks;
			sourceTree = "<group>";
		};
		850EA4AF820D25F02EC669BB /* Pods */ = {
			isa = PBXGroup;
			children = (
				9AA33C930D1AE97B98026835 /* Pods-Albalad.debug.xcconfig */,
				F8837C598732FD5653B3D6D9 /* Pods-Albalad.release.xcconfig */,
			);
			path = Pods;
			sourceTree = "<group>";
		};
		88239FFB2780B978003F7B0E = {
			isa = PBXGroup;
			children = (
				8823A0062780B978003F7B0E /* Albalad */,
				8823A0052780B978003F7B0E /* Products */,
				850EA4AF820D25F02EC669BB /* Pods */,
				4AD908A7E69134B67D14EDE9 /* Frameworks */,
			);
			sourceTree = "<group>";
		};
		8823A0052780B978003F7B0E /* Products */ = {
			isa = PBXGroup;
			children = (
				8823A0042780B978003F7B0E /* Albalad.app */,
				8823A01A2780B982003F7B0E /* AlbaladTests.xctest */,
				8823A0242780B982003F7B0E /* AlbaladUITests.xctest */,
			);
			name = Products;
			sourceTree = "<group>";
		};
		8823A0062780B978003F7B0E /* Albalad */ = {
			isa = PBXGroup;
			children = (
				8826B10627839570000E450D /* BuildApp */,
				8826B10027834393000E450D /* Cells */,
				8826B1012783932E000E450D /* Model */,
				8826B1022783934B000E450D /* View */,
				8826B10327839373000E450D /* Controller */,
				8826B0FA2782D64F000E450D /* InvestClass.swift */,
				88DC0345278191F200D158AD /* GoogleService-Info.plist */,
				8823A0152780B981003F7B0E /* Info.plist */,
			);
			path = Albalad;
			sourceTree = "<group>";
		};
		8826B10027834393000E450D /* Cells */ = {
			isa = PBXGroup;
			children = (
				8826B0F62782CF4B000E450D /* ExplorAlbaladCell.swift */,
				8826B0F027822FD9000E450D /* ExplorCVCell.swift */,
				8826B0F82782D04F000E450D /* InvestAlbaladCell.swift */,
				8826B0FE2782F020000E450D /* EventAlbaladCell.swift */,
				8826B10727839770000E450D /* HotelAlbaladCell.swift */,
				8826B10B278399E2000E450D /* MuseumAlbaladCell.swift */,
			);
			path = Cells;
			sourceTree = "<group>";
		};
		8826B1012783932E000E450D /* Model */ = {
			isa = PBXGroup;
			children = (
				8823A0102780B981003F7B0E /* Assets.xcassets */,
			);
			path = Model;
			sourceTree = "<group>";
		};
		8826B1022783934B000E450D /* View */ = {
			isa = PBXGroup;
			children = (
				8823A00D2780B978003F7B0E /* Main.storyboard */,
				8823A0122780B981003F7B0E /* LaunchScreen.storyboard */,
			);
			path = View;
			sourceTree = "<group>";
		};
		8826B10327839373000E450D /* Controller */ = {
			isa = PBXGroup;
			children = (
				8823A00B2780B978003F7B0E /* ViewController.swift */,
				88DC03472781BEFF00D158AD /* MainPageVC.swift */,
				8823A0392780BA68003F7B0E /* SignUpVC.swift */,
				8823A0372780BA0E003F7B0E /* LoginVC.swift */,
				8826B0F227825C29000E450D /* ExplorAlbaladVC.swift */,
				8826B0F42782BBDE000E450D /* InvestmentsAlbaladVC.swift */,
				8826B0FC2782EBC8000E450D /* EventAlbaladVC.swift */,
				8826B1042783955D000E450D /* HotelsVC.swift */,
				8826B10927839944000E450D /* MuseumsVC.swift */,
				8826B10D27842093000E450D /* AlbaladMap.swift */,
			);
			path = Controller;
			sourceTree = "<group>";
		};
		8826B10627839570000E450D /* BuildApp */ = {
			isa = PBXGroup;
			children = (
				8823A0072780B978003F7B0E /* AppDelegate.swift */,
				8823A0092780B978003F7B0E /* SceneDelegate.swift */,
			);
			path = BuildApp;
			sourceTree = "<group>";
		};
/* End PBXGroup section */

/* Begin PBXNativeTarget section */
		8823A0032780B978003F7B0E /* Albalad */ = {
			isa = PBXNativeTarget;
			buildConfigurationList = 8823A02E2780B982003F7B0E /* Build configuration list for PBXNativeTarget "Albalad" */;
			buildPhases = (
				C989001391391BD35EE3E65E /* [CP] Check Pods Manifest.lock */,
				8823A0002780B978003F7B0E /* Sources */,
				8823A0012780B978003F7B0E /* Frameworks */,
				8823A0022780B978003F7B0E /* Resources */,
				C16ADFC1FE6A393DCF8C296F /* [CP] Copy Pods Resources */,
				64D625EFCB9263F9A0D4A6CC /* [CP] Embed Pods Frameworks */,
			);
			buildRules = (
			);
			dependencies = (
			);
			name = Albalad;
			productName = Albalad;
			productReference = 8823A0042780B978003F7B0E /* Albalad.app */;
			productType = "com.apple.product-type.application";
		};
		8823A0192780B982003F7B0E /* AlbaladTests */ = {
			isa = PBXNativeTarget;
			buildConfigurationList = 8823A0312780B982003F7B0E /* Build configuration list for PBXNativeTarget "AlbaladTests" */;
			buildPhases = (
				8823A0162780B982003F7B0E /* Sources */,
				8823A0172780B982003F7B0E /* Frameworks */,
				8823A0182780B982003F7B0E /* Resources */,
			);
			buildRules = (
			);
			dependencies = (
				8823A01C2780B982003F7B0E /* PBXTargetDependency */,
			);
			name = AlbaladTests;
			productName = AlbaladTests;
			productReference = 8823A01A2780B982003F7B0E /* AlbaladTests.xctest */;
			productType = "com.apple.product-type.bundle.unit-test";
		};
		8823A0232780B982003F7B0E /* AlbaladUITests */ = {
			isa = PBXNativeTarget;
			buildConfigurationList = 8823A0342780B982003F7B0E /* Build configuration list for PBXNativeTarget "AlbaladUITests" */;
			buildPhases = (
				8823A0202780B982003F7B0E /* Sources */,
				8823A0212780B982003F7B0E /* Frameworks */,
				8823A0222780B982003F7B0E /* Resources */,
			);
			buildRules = (
			);
			dependencies = (
				8823A0262780B982003F7B0E /* PBXTargetDependency */,
			);
			name = AlbaladUITests;
			productName = AlbaladUITests;
			productReference = 8823A0242780B982003F7B0E /* AlbaladUITests.xctest */;
			productType = "com.apple.product-type.bundle.ui-testing";
		};
/* End PBXNativeTarget section */

/* Begin PBXProject section */
		88239FFC2780B978003F7B0E /* Project object */ = {
			isa = PBXProject;
			attributes = {
				BuildIndependentTargetsInParallel = 1;
				LastSwiftUpdateCheck = 1310;
				LastUpgradeCheck = 1310;
				TargetAttributes = {
					8823A0032780B978003F7B0E = {
						CreatedOnToolsVersion = 13.1;
					};
					8823A0192780B982003F7B0E = {
						CreatedOnToolsVersion = 13.1;
						TestTargetID = 8823A0032780B978003F7B0E;
					};
					8823A0232780B982003F7B0E = {
						CreatedOnToolsVersion = 13.1;
						TestTargetID = 8823A0032780B978003F7B0E;
					};
				};
			};
			buildConfigurationList = 88239FFF2780B978003F7B0E /* Build configuration list for PBXProject "Albalad" */;
			compatibilityVersion = "Xcode 13.0";
			developmentRegion = en;
			hasScannedForEncodings = 0;
			knownRegions = (
				en,
				Base,
			);
			mainGroup = 88239FFB2780B978003F7B0E;
			productRefGroup = 8823A0052780B978003F7B0E /* Products */;
			projectDirPath = "";
			projectRoot = "";
			targets = (
				8823A0032780B978003F7B0E /* Albalad */,
				8823A0192780B982003F7B0E /* AlbaladTests */,
				8823A0232780B982003F7B0E /* AlbaladUITests */,
			);
		};
/* End PBXProject section */

/* Begin PBXResourcesBuildPhase section */
		8823A0022780B978003F7B0E /* Resources */ = {
			isa = PBXResourcesBuildPhase;
			buildActionMask = 2147483647;
			files = (
				8823A0142780B981003F7B0E /* LaunchScreen.storyboard in Resources */,
				88DC0346278191F200D158AD /* GoogleService-Info.plist in Resources */,
				8823A0112780B981003F7B0E /* Assets.xcassets in Resources */,
				8823A00F2780B978003F7B0E /* Main.storyboard in Resources */,
			);
			runOnlyForDeploymentPostprocessing = 0;
		};
		8823A0182780B982003F7B0E /* Resources */ = {
			isa = PBXResourcesBuildPhase;
			buildActionMask = 2147483647;
			files = (
			);
			runOnlyForDeploymentPostprocessing = 0;
		};
		8823A0222780B982003F7B0E /* Resources */ = {
			isa = PBXResourcesBuildPhase;
			buildActionMask = 2147483647;
			files = (
			);
			runOnlyForDeploymentPostprocessing = 0;
		};
/* End PBXResourcesBuildPhase section */

/* Begin PBXShellScriptBuildPhase section */
		64D625EFCB9263F9A0D4A6CC /* [CP] Embed Pods Frameworks */ = {
			isa = PBXShellScriptBuildPhase;
			buildActionMask = 2147483647;
			files = (
			);
			inputFileListPaths = (
				"${PODS_ROOT}/Target Support Files/Pods-Albalad/Pods-Albalad-frameworks-${CONFIGURATION}-input-files.xcfilelist",
			);
			name = "[CP] Embed Pods Frameworks";
			outputFileListPaths = (
				"${PODS_ROOT}/Target Support Files/Pods-Albalad/Pods-Albalad-frameworks-${CONFIGURATION}-output-files.xcfilelist",
			);
			runOnlyForDeploymentPostprocessing = 0;
			shellPath = /bin/sh;
			shellScript = "\"${PODS_ROOT}/Target Support Files/Pods-Albalad/Pods-Albalad-frameworks.sh\"\n";
			showEnvVarsInLog = 0;
		};
		C16ADFC1FE6A393DCF8C296F /* [CP] Copy Pods Resources */ = {
			isa = PBXShellScriptBuildPhase;
			buildActionMask = 2147483647;
			files = (
			);
			inputFileListPaths = (
				"${PODS_ROOT}/Target Support Files/Pods-Albalad/Pods-Albalad-resources-${CONFIGURATION}-input-files.xcfilelist",
			);
			name = "[CP] Copy Pods Resources";
			outputFileListPaths = (
				"${PODS_ROOT}/Target Support Files/Pods-Albalad/Pods-Albalad-resources-${CONFIGURATION}-output-files.xcfilelist",
			);
			runOnlyForDeploymentPostprocessing = 0;
			shellPath = /bin/sh;
			shellScript = "\"${PODS_ROOT}/Target Support Files/Pods-Albalad/Pods-Albalad-resources.sh\"\n";
			showEnvVarsInLog = 0;
		};
		C989001391391BD35EE3E65E /* [CP] Check Pods Manifest.lock */ = {
			isa = PBXShellScriptBuildPhase;
			buildActionMask = 2147483647;
			files = (
			);
			inputFileListPaths = (
			);
			inputPaths = (
				"${PODS_PODFILE_DIR_PATH}/Podfile.lock",
				"${PODS_ROOT}/Manifest.lock",
			);
			name = "[CP] Check Pods Manifest.lock";
			outputFileListPaths = (
			);
			outputPaths = (
				"$(DERIVED_FILE_DIR)/Pods-Albalad-checkManifestLockResult.txt",
			);
			runOnlyForDeploymentPostprocessing = 0;
			shellPath = /bin/sh;
			shellScript = "diff \"${PODS_PODFILE_DIR_PATH}/Podfile.lock\" \"${PODS_ROOT}/Manifest.lock\" > /dev/null\nif [ $? != 0 ] ; then\n    # print error to STDERR\n    echo \"error: The sandbox is not in sync with the Podfile.lock. Run 'pod install' or update your CocoaPods installation.\" >&2\n    exit 1\nfi\n# This output is used by Xcode 'outputs' to avoid re-running this script phase.\necho \"SUCCESS\" > \"${SCRIPT_OUTPUT_FILE_0}\"\n";
			showEnvVarsInLog = 0;
		};
/* End PBXShellScriptBuildPhase section */

/* Begin PBXSourcesBuildPhase section */
		8823A0002780B978003F7B0E /* Sources */ = {
			isa = PBXSourcesBuildPhase;
			buildActionMask = 2147483647;
			files = (
				8826B0FD2782EBC8000E450D /* EventAlbaladVC.swift in Sources */,
				8826B0F127822FD9000E450D /* ExplorCVCell.swift in Sources */,
				8826B0FF2782F020000E450D /* EventAlbaladCell.swift in Sources */,
				8826B1052783955D000E450D /* HotelsVC.swift in Sources */,
				88DC03482781BF0000D158AD /* MainPageVC.swift in Sources */,
				8823A00C2780B978003F7B0E /* ViewController.swift in Sources */,
				8826B0FB2782D64F000E450D /* InvestClass.swift in Sources */,
				8826B0F52782BBDE000E450D /* InvestmentsAlbaladVC.swift in Sources */,
				8823A0082780B978003F7B0E /* AppDelegate.swift in Sources */,
				8826B10E27842093000E450D /* AlbaladMap.swift in Sources */,
				8826B0F327825C29000E450D /* ExplorAlbaladVC.swift in Sources */,
				8826B10A27839944000E450D /* MuseumsVC.swift in Sources */,
				8823A0382780BA0E003F7B0E /* LoginVC.swift in Sources */,
				8823A03A2780BA68003F7B0E /* SignUpVC.swift in Sources */,
				8823A00A2780B978003F7B0E /* SceneDelegate.swift in Sources */,
				8826B0F72782CF4B000E450D /* ExplorAlbaladCell.swift in Sources */,
				8826B10C278399E2000E450D /* MuseumAlbaladCell.swift in Sources */,
				8826B10827839770000E450D /* HotelAlbaladCell.swift in Sources */,
				8826B0F92782D04F000E450D /* InvestAlbaladCell.swift in Sources */,
			);
			runOnlyForDeploymentPostprocessing = 0;
		};
		8823A0162780B982003F7B0E /* Sources */ = {
			isa = PBXSourcesBuildPhase;
			buildActionMask = 2147483647;
			files = (
			);
			runOnlyForDeploymentPostprocessing = 0;
		};
		8823A0202780B982003F7B0E /* Sources */ = {
			isa = PBXSourcesBuildPhase;
			buildActionMask = 2147483647;
			files = (
			);
			runOnlyForDeploymentPostprocessing = 0;
		};
/* End PBXSourcesBuildPhase section */

/* Begin PBXTargetDependency section */
		8823A01C2780B982003F7B0E /* PBXTargetDependency */ = {
			isa = PBXTargetDependency;
			target = 8823A0032780B978003F7B0E /* Albalad */;
			targetProxy = 8823A01B2780B982003F7B0E /* PBXContainerItemProxy */;
		};
		8823A0262780B982003F7B0E /* PBXTargetDependency */ = {
			isa = PBXTargetDependency;
			target = 8823A0032780B978003F7B0E /* Albalad */;
			targetProxy = 8823A0252780B982003F7B0E /* PBXContainerItemProxy */;
		};
/* End PBXTargetDependency section */

/* Begin PBXVariantGroup section */
		8823A00D2780B978003F7B0E /* Main.storyboard */ = {
			isa = PBXVariantGroup;
			children = (
				8823A00E2780B978003F7B0E /* Base */,
			);
			name = Main.storyboard;
			sourceTree = "<group>";
		};
		8823A0122780B981003F7B0E /* LaunchScreen.storyboard */ = {
			isa = PBXVariantGroup;
			children = (
				8823A0132780B981003F7B0E /* Base */,
			);
			name = LaunchScreen.storyboard;
			sourceTree = "<group>";
		};
/* End PBXVariantGroup section */

/* Begin XCBuildConfiguration section */
		8823A02C2780B982003F7B0E /* Debug */ = {
			isa = XCBuildConfiguration;
			buildSettings = {
				ALWAYS_SEARCH_USER_PATHS = NO;
				CLANG_ANALYZER_NONNULL = YES;
				CLANG_ANALYZER_NUMBER_OBJECT_CONVERSION = YES_AGGRESSIVE;
				CLANG_CXX_LANGUAGE_STANDARD = "gnu++17";
				CLANG_CXX_LIBRARY = "libc++";
				CLANG_ENABLE_MODULES = YES;
				CLANG_ENABLE_OBJC_ARC = YES;
				CLANG_ENABLE_OBJC_WEAK = YES;
				CLANG_WARN_BLOCK_CAPTURE_AUTORELEASING = YES;
				CLANG_WARN_BOOL_CONVERSION = YES;
				CLANG_WARN_COMMA = YES;
				CLANG_WARN_CONSTANT_CONVERSION = YES;
				CLANG_WARN_DEPRECATED_OBJC_IMPLEMENTATIONS = YES;
				CLANG_WARN_DIRECT_OBJC_ISA_USAGE = YES_ERROR;
				CLANG_WARN_DOCUMENTATION_COMMENTS = YES;
				CLANG_WARN_EMPTY_BODY = YES;
				CLANG_WARN_ENUM_CONVERSION = YES;
				CLANG_WARN_INFINITE_RECURSION = YES;
				CLANG_WARN_INT_CONVERSION = YES;
				CLANG_WARN_NON_LITERAL_NULL_CONVERSION = YES;
				CLANG_WARN_OBJC_IMPLICIT_RETAIN_SELF = YES;
				CLANG_WARN_OBJC_LITERAL_CONVERSION = YES;
				CLANG_WARN_OBJC_ROOT_CLASS = YES_ERROR;
				CLANG_WARN_QUOTED_INCLUDE_IN_FRAMEWORK_HEADER = YES;
				CLANG_WARN_RANGE_LOOP_ANALYSIS = YES;
				CLANG_WARN_STRICT_PROTOTYPES = YES;
				CLANG_WARN_SUSPICIOUS_MOVE = YES;
				CLANG_WARN_UNGUARDED_AVAILABILITY = YES_AGGRESSIVE;
				CLANG_WARN_UNREACHABLE_CODE = YES;
				CLANG_WARN__DUPLICATE_METHOD_MATCH = YES;
				COPY_PHASE_STRIP = NO;
				DEBUG_INFORMATION_FORMAT = dwarf;
				ENABLE_STRICT_OBJC_MSGSEND = YES;
				ENABLE_TESTABILITY = YES;
				GCC_C_LANGUAGE_STANDARD = gnu11;
				GCC_DYNAMIC_NO_PIC = NO;
				GCC_NO_COMMON_BLOCKS = YES;
				GCC_OPTIMIZATION_LEVEL = 0;
				GCC_PREPROCESSOR_DEFINITIONS = (
					"DEBUG=1",
					"$(inherited)",
				);
				GCC_WARN_64_TO_32_BIT_CONVERSION = YES;
				GCC_WARN_ABOUT_RETURN_TYPE = YES_ERROR;
				GCC_WARN_UNDECLARED_SELECTOR = YES;
				GCC_WARN_UNINITIALIZED_AUTOS = YES_AGGRESSIVE;
				GCC_WARN_UNUSED_FUNCTION = YES;
				GCC_WARN_UNUSED_VARIABLE = YES;
				IPHONEOS_DEPLOYMENT_TARGET = 15.0;
				MTL_ENABLE_DEBUG_INFO = INCLUDE_SOURCE;
				MTL_FAST_MATH = YES;
				ONLY_ACTIVE_ARCH = YES;
				SDKROOT = iphoneos;
				SWIFT_ACTIVE_COMPILATION_CONDITIONS = DEBUG;
				SWIFT_OPTIMIZATION_LEVEL = "-Onone";
			};
			name = Debug;
		};
		8823A02D2780B982003F7B0E /* Release */ = {
			isa = XCBuildConfiguration;
			buildSettings = {
				ALWAYS_SEARCH_USER_PATHS = NO;
				CLANG_ANALYZER_NONNULL = YES;
				CLANG_ANALYZER_NUMBER_OBJECT_CONVERSION = YES_AGGRESSIVE;
				CLANG_CXX_LANGUAGE_STANDARD = "gnu++17";
				CLANG_CXX_LIBRARY = "libc++";
				CLANG_ENABLE_MODULES = YES;
				CLANG_ENABLE_OBJC_ARC = YES;
				CLANG_ENABLE_OBJC_WEAK = YES;
				CLANG_WARN_BLOCK_CAPTURE_AUTORELEASING = YES;
				CLANG_WARN_BOOL_CONVERSION = YES;
				CLANG_WARN_COMMA = YES;
				CLANG_WARN_CONSTANT_CONVERSION = YES;
				CLANG_WARN_DEPRECATED_OBJC_IMPLEMENTATIONS = YES;
				CLANG_WARN_DIRECT_OBJC_ISA_USAGE = YES_ERROR;
				CLANG_WARN_DOCUMENTATION_COMMENTS = YES;
				CLANG_WARN_EMPTY_BODY = YES;
				CLANG_WARN_ENUM_CONVERSION = YES;
				CLANG_WARN_INFINITE_RECURSION = YES;
				CLANG_WARN_INT_CONVERSION = YES;
				CLANG_WARN_NON_LITERAL_NULL_CONVERSION = YES;
				CLANG_WARN_OBJC_IMPLICIT_RETAIN_SELF = YES;
				CLANG_WARN_OBJC_LITERAL_CONVERSION = YES;
				CLANG_WARN_OBJC_ROOT_CLASS = YES_ERROR;
				CLANG_WARN_QUOTED_INCLUDE_IN_FRAMEWORK_HEADER = YES;
				CLANG_WARN_RANGE_LOOP_ANALYSIS = YES;
				CLANG_WARN_STRICT_PROTOTYPES = YES;
				CLANG_WARN_SUSPICIOUS_MOVE = YES;
				CLANG_WARN_UNGUARDED_AVAILABILITY = YES_AGGRESSIVE;
				CLANG_WARN_UNREACHABLE_CODE = YES;
				CLANG_WARN__DUPLICATE_METHOD_MATCH = YES;
				COPY_PHASE_STRIP = NO;
				DEBUG_INFORMATION_FORMAT = "dwarf-with-dsym";
				ENABLE_NS_ASSERTIONS = NO;
				ENABLE_STRICT_OBJC_MSGSEND = YES;
				GCC_C_LANGUAGE_STANDARD = gnu11;
				GCC_NO_COMMON_BLOCKS = YES;
				GCC_WARN_64_TO_32_BIT_CONVERSION = YES;
				GCC_WARN_ABOUT_RETURN_TYPE = YES_ERROR;
				GCC_WARN_UNDECLARED_SELECTOR = YES;
				GCC_WARN_UNINITIALIZED_AUTOS = YES_AGGRESSIVE;
				GCC_WARN_UNUSED_FUNCTION = YES;
				GCC_WARN_UNUSED_VARIABLE = YES;
				IPHONEOS_DEPLOYMENT_TARGET = 15.0;
				MTL_ENABLE_DEBUG_INFO = NO;
				MTL_FAST_MATH = YES;
				SDKROOT = iphoneos;
				SWIFT_COMPILATION_MODE = wholemodule;
				SWIFT_OPTIMIZATION_LEVEL = "-O";
				VALIDATE_PRODUCT = YES;
			};
			name = Release;
		};
		8823A02F2780B982003F7B0E /* Debug */ = {
			isa = XCBuildConfiguration;
			baseConfigurationReference = 9AA33C930D1AE97B98026835 /* Pods-Albalad.debug.xcconfig */;
			buildSettings = {
				ASSETCATALOG_COMPILER_APPICON_NAME = AppIcon;
				ASSETCATALOG_COMPILER_GLOBAL_ACCENT_COLOR_NAME = AccentColor;
				CODE_SIGN_STYLE = Automatic;
				CURRENT_PROJECT_VERSION = 1;
				GENERATE_INFOPLIST_FILE = YES;
				INFOPLIST_FILE = Albalad/Info.plist;
				INFOPLIST_KEY_UIApplicationSupportsIndirectInputEvents = YES;
				INFOPLIST_KEY_UILaunchStoryboardName = LaunchScreen;
				INFOPLIST_KEY_UISupportedInterfaceOrientations_iPad = "UIInterfaceOrientationPortrait UIInterfaceOrientationPortraitUpsideDown UIInterfaceOrientationLandscapeLeft UIInterfaceOrientationLandscapeRight";
				INFOPLIST_KEY_UISupportedInterfaceOrientations_iPhone = "UIInterfaceOrientationPortrait UIInterfaceOrientationLandscapeLeft UIInterfaceOrientationLandscapeRight";
				LD_RUNPATH_SEARCH_PATHS = (
					"$(inherited)",
					"@executable_path/Frameworks",
				);
				MARKETING_VERSION = 1.0;
				PRODUCT_BUNDLE_IDENTIFIER = Nora.Albalad;
				PRODUCT_NAME = "$(TARGET_NAME)";
				SWIFT_EMIT_LOC_STRINGS = YES;
				SWIFT_VERSION = 5.0;
				TARGETED_DEVICE_FAMILY = "1,2";
			};
			name = Debug;
		};
		8823A0302780B982003F7B0E /* Release */ = {
			isa = XCBuildConfiguration;
			baseConfigurationReference = F8837C598732FD5653B3D6D9 /* Pods-Albalad.release.xcconfig */;
			buildSettings = {
				ASSETCATALOG_COMPILER_APPICON_NAME = AppIcon;
				ASSETCATALOG_COMPILER_GLOBAL_ACCENT_COLOR_NAME = AccentColor;
				CODE_SIGN_STYLE = Automatic;
				CURRENT_PROJECT_VERSION = 1;
				GENERATE_INFOPLIST_FILE = YES;
				INFOPLIST_FILE = Albalad/Info.plist;
				INFOPLIST_KEY_UIApplicationSupportsIndirectInputEvents = YES;
				INFOPLIST_KEY_UILaunchStoryboardName = LaunchScreen;
				INFOPLIST_KEY_UISupportedInterfaceOrientations_iPad = "UIInterfaceOrientationPortrait UIInterfaceOrientationPortraitUpsideDown UIInterfaceOrientationLandscapeLeft UIInterfaceOrientationLandscapeRight";
				INFOPLIST_KEY_UISupportedInterfaceOrientations_iPhone = "UIInterfaceOrientationPortrait UIInterfaceOrientationLandscapeLeft UIInterfaceOrientationLandscapeRight";
				LD_RUNPATH_SEARCH_PATHS = (
					"$(inherited)",
					"@executable_path/Frameworks",
				);
				MARKETING_VERSION = 1.0;
				PRODUCT_BUNDLE_IDENTIFIER = Nora.Albalad;
				PRODUCT_NAME = "$(TARGET_NAME)";
				SWIFT_EMIT_LOC_STRINGS = YES;
				SWIFT_VERSION = 5.0;
				TARGETED_DEVICE_FAMILY = "1,2";
			};
			name = Release;
		};
		8823A0322780B982003F7B0E /* Debug */ = {
			isa = XCBuildConfiguration;
			buildSettings = {
				ALWAYS_EMBED_SWIFT_STANDARD_LIBRARIES = YES;
				BUNDLE_LOADER = "$(TEST_HOST)";
				CODE_SIGN_STYLE = Automatic;
				CURRENT_PROJECT_VERSION = 1;
				GENERATE_INFOPLIST_FILE = YES;
				IPHONEOS_DEPLOYMENT_TARGET = 15.0;
				LD_RUNPATH_SEARCH_PATHS = (
					"$(inherited)",
					"@executable_path/Frameworks",
					"@loader_path/Frameworks",
				);
				MARKETING_VERSION = 1.0;
				PRODUCT_BUNDLE_IDENTIFIER = Nora.AlbaladTests;
				PRODUCT_NAME = "$(TARGET_NAME)";
				SWIFT_EMIT_LOC_STRINGS = NO;
				SWIFT_VERSION = 5.0;
				TARGETED_DEVICE_FAMILY = "1,2";
				TEST_HOST = "$(BUILT_PRODUCTS_DIR)/Albalad.app/Albalad";
			};
			name = Debug;
		};
		8823A0332780B982003F7B0E /* Release */ = {
			isa = XCBuildConfiguration;
			buildSettings = {
				ALWAYS_EMBED_SWIFT_STANDARD_LIBRARIES = YES;
				BUNDLE_LOADER = "$(TEST_HOST)";
				CODE_SIGN_STYLE = Automatic;
				CURRENT_PROJECT_VERSION = 1;
				GENERATE_INFOPLIST_FILE = YES;
				IPHONEOS_DEPLOYMENT_TARGET = 15.0;
				LD_RUNPATH_SEARCH_PATHS = (
					"$(inherited)",
					"@executable_path/Frameworks",
					"@loader_path/Frameworks",
				);
				MARKETING_VERSION = 1.0;
				PRODUCT_BUNDLE_IDENTIFIER = Nora.AlbaladTests;
				PRODUCT_NAME = "$(TARGET_NAME)";
				SWIFT_EMIT_LOC_STRINGS = NO;
				SWIFT_VERSION = 5.0;
				TARGETED_DEVICE_FAMILY = "1,2";
				TEST_HOST = "$(BUILT_PRODUCTS_DIR)/Albalad.app/Albalad";
			};
			name = Release;
		};
		8823A0352780B982003F7B0E /* Debug */ = {
			isa = XCBuildConfiguration;
			buildSettings = {
				ALWAYS_EMBED_SWIFT_STANDARD_LIBRARIES = YES;
				CODE_SIGN_STYLE = Automatic;
				CURRENT_PROJECT_VERSION = 1;
				GENERATE_INFOPLIST_FILE = YES;
				LD_RUNPATH_SEARCH_PATHS = (
					"$(inherited)",
					"@executable_path/Frameworks",
					"@loader_path/Frameworks",
				);
				MARKETING_VERSION = 1.0;
				PRODUCT_BUNDLE_IDENTIFIER = Nora.AlbaladUITests;
				PRODUCT_NAME = "$(TARGET_NAME)";
				SWIFT_EMIT_LOC_STRINGS = NO;
				SWIFT_VERSION = 5.0;
				TARGETED_DEVICE_FAMILY = "1,2";
				TEST_TARGET_NAME = Albalad;
			};
			name = Debug;
		};
		8823A0362780B982003F7B0E /* Release */ = {
			isa = XCBuildConfiguration;
			buildSettings = {
				ALWAYS_EMBED_SWIFT_STANDARD_LIBRARIES = YES;
				CODE_SIGN_STYLE = Automatic;
				CURRENT_PROJECT_VERSION = 1;
				GENERATE_INFOPLIST_FILE = YES;
				LD_RUNPATH_SEARCH_PATHS = (
					"$(inherited)",
					"@executable_path/Frameworks",
					"@loader_path/Frameworks",
				);
				MARKETING_VERSION = 1.0;
				PRODUCT_BUNDLE_IDENTIFIER = Nora.AlbaladUITests;
				PRODUCT_NAME = "$(TARGET_NAME)";
				SWIFT_EMIT_LOC_STRINGS = NO;
				SWIFT_VERSION = 5.0;
				TARGETED_DEVICE_FAMILY = "1,2";
				TEST_TARGET_NAME = Albalad;
			};
			name = Release;
		};
/* End XCBuildConfiguration section */

/* Begin XCConfigurationList section */
		88239FFF2780B978003F7B0E /* Build configuration list for PBXProject "Albalad" */ = {
			isa = XCConfigurationList;
			buildConfigurations = (
				8823A02C2780B982003F7B0E /* Debug */,
				8823A02D2780B982003F7B0E /* Release */,
			);
			defaultConfigurationIsVisible = 0;
			defaultConfigurationName = Release;
		};
		8823A02E2780B982003F7B0E /* Build configuration list for PBXNativeTarget "Albalad" */ = {
			isa = XCConfigurationList;
			buildConfigurations = (
				8823A02F2780B982003F7B0E /* Debug */,
				8823A0302780B982003F7B0E /* Release */,
			);
			defaultConfigurationIsVisible = 0;
			defaultConfigurationName = Release;
		};
		8823A0312780B982003F7B0E /* Build configuration list for PBXNativeTarget "AlbaladTests" */ = {
			isa = XCConfigurationList;
			buildConfigurations = (
				8823A0322780B982003F7B0E /* Debug */,
				8823A0332780B982003F7B0E /* Release */,
			);
			defaultConfigurationIsVisible = 0;
			defaultConfigurationName = Release;
		};
		8823A0342780B982003F7B0E /* Build configuration list for PBXNativeTarget "AlbaladUITests" */ = {
			isa = XCConfigurationList;
			buildConfigurations = (
				8823A0352780B982003F7B0E /* Debug */,
				8823A0362780B982003F7B0E /* Release */,
			);
			defaultConfigurationIsVisible = 0;
			defaultConfigurationName = Release;
		};
/* End XCConfigurationList section */
	};
	rootObject = 88239FFC2780B978003F7B0E /* Project object */;
}
